
Microsoft Visual Studio Solution File, Format Version 12.00
# Visual Studio Version 16
VisualStudioVersion = 16.0.29215.179
MinimumVisualStudioVersion = 10.0.40219.1
Project("{FAE04EC0-301F-11D3-BF4B-00C04F79EFBC}") = "Excel_XLSX_reader_writer", "Excel_XLSX_reader_writer.csproj", "{D850F12F-03E4-4B8C-A6EC-71DA2D17701F}"
EndProject
Global
	GlobalSection(SolutionConfigurationPlatforms) = preSolution
		Debug|Any CPU = Debug|Any CPU
		Release|Any CPU = Release|Any CPU
	EndGlobalSection
	GlobalSection(ProjectConfigurationPlatforms) = postSolution
		{D850F12F-03E4-4B8C-A6EC-71DA2D17701F}.Debug|Any CPU.ActiveCfg = Debug|Any CPU
		{D850F12F-03E4-4B8C-A6EC-71DA2D17701F}.Debug|Any CPU.Build.0 = Debug|Any CPU
		{D850F12F-03E4-4B8C-A6EC-71DA2D17701F}.Release|Any CPU.ActiveCfg = Release|Any CPU
		{D850F12F-03E4-4B8C-A6EC-71DA2D17701F}.Release|Any CPU.Build.0 = Release|Any CPU
	EndGlobalSection
	GlobalSection(SolutionProperties) = preSolution
		HideSolutionNode = FALSE
	EndGlobalSection
	GlobalSection(ExtensibilityGlobals) = postSolution
		SolutionGuid = {D2F1B31B-197E-4BC1-8D3C-4D5CF2981440}
	EndGlobalSection
EndGlobal
